
Microsoft Visual Studio Solution File, Format Version 12.00
# Visual Studio Version 17
VisualStudioVersion = 17.14.36408.4 d17.14
MinimumVisualStudioVersion = 10.0.40219.1
Project("{FAE04EC0-301F-11D3-BF4B-00C04F79EFBC}") = "Core", "Core\Core.csproj", "{30CFCC66-1D70-488A-8FB2-29027341EB3E}"
EndProject
Project("{FAE04EC0-301F-11D3-BF4B-00C04F79EFBC}") = "BusinessObject", "BusinessObject\BusinessObject.csproj", "{86C3B5C3-D162-4CD7-895B-42833B92CEB0}"
EndProject
Project("{FAE04EC0-301F-11D3-BF4B-00C04F79EFBC}") = "Repository", "Repository\Repository.csproj", "{2E02950B-0D0E-4CC1-B772-4CE32A6F6039}"
EndProject
Project("{FAE04EC0-301F-11D3-BF4B-00C04F79EFBC}") = "Services", "Services\Services.csproj", "{92DCA1DF-405A-4B73-A20A-99ED0D58D6D2}"
EndProject
Global
	GlobalSection(SolutionConfigurationPlatforms) = preSolution
		Debug|Any CPU = Debug|Any CPU
		Release|Any CPU = Release|Any CPU
	EndGlobalSection
	GlobalSection(ProjectConfigurationPlatforms) = postSolution
		{30CFCC66-1D70-488A-8FB2-29027341EB3E}.Debug|Any CPU.ActiveCfg = Debug|Any CPU
		{30CFCC66-1D70-488A-8FB2-29027341EB3E}.Debug|Any CPU.Build.0 = Debug|Any CPU
		{30CFCC66-1D70-488A-8FB2-29027341EB3E}.Release|Any CPU.ActiveCfg = Release|Any CPU
		{30CFCC66-1D70-488A-8FB2-29027341EB3E}.Release|Any CPU.Build.0 = Release|Any CPU
		{86C3B5C3-D162-4CD7-895B-42833B92CEB0}.Debug|Any CPU.ActiveCfg = Debug|Any CPU
		{86C3B5C3-D162-4CD7-895B-42833B92CEB0}.Debug|Any CPU.Build.0 = Debug|Any CPU
		{86C3B5C3-D162-4CD7-895B-42833B92CEB0}.Release|Any CPU.ActiveCfg = Release|Any CPU
		{86C3B5C3-D162-4CD7-895B-42833B92CEB0}.Release|Any CPU.Build.0 = Release|Any CPU
		{2E02950B-0D0E-4CC1-B772-4CE32A6F6039}.Debug|Any CPU.ActiveCfg = Debug|Any CPU
		{2E02950B-0D0E-4CC1-B772-4CE32A6F6039}.Debug|Any CPU.Build.0 = Debug|Any CPU
		{2E02950B-0D0E-4CC1-B772-4CE32A6F6039}.Release|Any CPU.ActiveCfg = Release|Any CPU
		{2E02950B-0D0E-4CC1-B772-4CE32A6F6039}.Release|Any CPU.Build.0 = Release|Any CPU
		{92DCA1DF-405A-4B73-A20A-99ED0D58D6D2}.Debug|Any CPU.ActiveCfg = Debug|Any CPU
		{92DCA1DF-405A-4B73-A20A-99ED0D58D6D2}.Debug|Any CPU.Build.0 = Debug|Any CPU
		{92DCA1DF-405A-4B73-A20A-99ED0D58D6D2}.Release|Any CPU.ActiveCfg = Release|Any CPU
		{92DCA1DF-405A-4B73-A20A-99ED0D58D6D2}.Release|Any CPU.Build.0 = Release|Any CPU
	EndGlobalSection
	GlobalSection(SolutionProperties) = preSolution
		HideSolutionNode = FALSE
	EndGlobalSection
	GlobalSection(ExtensibilityGlobals) = postSolution
		SolutionGuid = {62798E59-F8B8-4637-AFD7-3055CB394F09}
	EndGlobalSection
EndGlobal
